
Microsoft Visual Studio Solution File, Format Version 12.00
# Visual Studio 15
VisualStudioVersion = 15.0.26430.4
MinimumVisualStudioVersion = 10.0.40219.1
Project("{FAE04EC0-301F-11D3-BF4B-00C04F79EFBC}") = "WebApplication3", "WebApplication3\WebApplication3.csproj", "{F9C53C7F-C758-4B1C-B2AA-1C280B5725E5}"
EndProject
Global
	GlobalSection(SolutionConfigurationPlatforms) = preSolution
		Debug|Any CPU = Debug|Any CPU
		Release|Any CPU = Release|Any CPU
	EndGlobalSection
	GlobalSection(ProjectConfigurationPlatforms) = postSolution
		{F9C53C7F-C758-4B1C-B2AA-1C280B5725E5}.Debug|Any CPU.ActiveCfg = Debug|Any CPU
		{F9C53C7F-C758-4B1C-B2AA-1C280B5725E5}.Debug|Any CPU.Build.0 = Debug|Any CPU
		{F9C53C7F-C758-4B1C-B2AA-1C280B5725E5}.Release|Any CPU.ActiveCfg = Release|Any CPU
		{F9C53C7F-C758-4B1C-B2AA-1C280B5725E5}.Release|Any CPU.Build.0 = Release|Any CPU
	EndGlobalSection
	GlobalSection(SolutionProperties) = preSolution
		HideSolutionNode = FALSE
	EndGlobalSection
EndGlobal
